
Microsoft Visual Studio Solution File, Format Version 12.00
# Visual Studio Version 17
VisualStudioVersion = 17.3.32922.545
MinimumVisualStudioVersion = 10.0.40219.1
Project("{FAE04EC0-301F-11D3-BF4B-00C04F79EFBC}") = "isi-gr1-1", "isi-gr1-1\isi-gr1-1.csproj", "{375BE7F9-9A54-440A-A12F-6E2FB334B6C9}"
EndProject
Global
	GlobalSection(SolutionConfigurationPlatforms) = preSolution
		Debug|Any CPU = Debug|Any CPU
		Release|Any CPU = Release|Any CPU
	EndGlobalSection
	GlobalSection(ProjectConfigurationPlatforms) = postSolution
		{375BE7F9-9A54-440A-A12F-6E2FB334B6C9}.Debug|Any CPU.ActiveCfg = Debug|Any CPU
		{375BE7F9-9A54-440A-A12F-6E2FB334B6C9}.Debug|Any CPU.Build.0 = Debug|Any CPU
		{375BE7F9-9A54-440A-A12F-6E2FB334B6C9}.Release|Any CPU.ActiveCfg = Release|Any CPU
		{375BE7F9-9A54-440A-A12F-6E2FB334B6C9}.Release|Any CPU.Build.0 = Release|Any CPU
	EndGlobalSection
	GlobalSection(SolutionProperties) = preSolution
		HideSolutionNode = FALSE
	EndGlobalSection
	GlobalSection(ExtensibilityGlobals) = postSolution
		SolutionGuid = {B39709D0-A87F-49FD-B3DD-EB0204BC18CC}
	EndGlobalSection
EndGlobal
